
Microsoft Visual Studio Solution File, Format Version 12.00
# Visual Studio 15
Project("{FAE04EC0-301F-11D3-BF4B-00C04F79EFBC}") = "ProseFighter", "ProseFighter\ProseFighter.csproj", "{F289567F-4F2E-491A-9352-2C3426B9922B}"
EndProject
Global
	GlobalSection(SolutionConfigurationPlatforms) = preSolution
		Debug|Any CPU = Debug|Any CPU
		Release|Any CPU = Release|Any CPU
	EndGlobalSection
	GlobalSection(ProjectConfigurationPlatforms) = postSolution
		{F289567F-4F2E-491A-9352-2C3426B9922B}.Debug|Any CPU.ActiveCfg = Debug|Any CPU
		{F289567F-4F2E-491A-9352-2C3426B9922B}.Debug|Any CPU.Build.0 = Debug|Any CPU
		{F289567F-4F2E-491A-9352-2C3426B9922B}.Release|Any CPU.ActiveCfg = Release|Any CPU
		{F289567F-4F2E-491A-9352-2C3426B9922B}.Release|Any CPU.Build.0 = Release|Any CPU
	EndGlobalSection
EndGlobal
